
Microsoft Visual Studio Solution File, Format Version 12.00
# Visual Studio Version 16
VisualStudioVersion = 16.0.29020.237
MinimumVisualStudioVersion = 10.0.40219.1
Project("{FAE04EC0-301F-11D3-BF4B-00C04F79EFBC}") = "Revisao.Web", "Revisao.Web\Revisao.Web.csproj", "{E8BCC406-F5C4-4BA7-8C62-F9C779A261C1}"
EndProject
Project("{FAE04EC0-301F-11D3-BF4B-00C04F79EFBC}") = "Revisao.Domain", "Revisao.Domain\Revisao.Domain.csproj", "{618F9EBE-0403-412F-8D20-150CE6E76E11}"
EndProject
Project("{FAE04EC0-301F-11D3-BF4B-00C04F79EFBC}") = "Revisao.Repository", "Revisao.Repository\Revisao.Repository.csproj", "{3AF265FE-91D1-4D45-9D43-40529C537461}"
EndProject
Project("{FAE04EC0-301F-11D3-BF4B-00C04F79EFBC}") = "Revisao.Service", "Revisao.Service\Revisao.Service.csproj", "{750DC9F1-770B-4346-A562-DA303E3130F1}"
EndProject
Project("{FAE04EC0-301F-11D3-BF4B-00C04F79EFBC}") = "Revisao.WindowsApp", "Revisao.WindowsApp\Revisao.WindowsApp.csproj", "{8E6D97E6-91BB-42FF-9A3F-B42EA996C1C6}"
EndProject
Project("{FAE04EC0-301F-11D3-BF4B-00C04F79EFBC}") = "Revisao.WebForms", "Revisao.WebForms\Revisao.WebForms.csproj", "{2F89AEAE-6BA9-45EE-97F8-5390C75DA777}"
EndProject
Project("{2150E333-8FDC-42A3-9474-1A3956D46DE8}") = "Core", "Core", "{0AE54122-7917-40AA-93B4-F3854E4CC096}"
EndProject
Project("{FAE04EC0-301F-11D3-BF4B-00C04F79EFBC}") = "Revisao.CoreDomain", "Revisao.CoreDomain\Revisao.CoreDomain.csproj", "{112476A3-A138-4919-8445-6F54DDA57962}"
EndProject
Project("{FAE04EC0-301F-11D3-BF4B-00C04F79EFBC}") = "Revisao.CoreApi", "Revisao.CoreApi\Revisao.CoreApi.csproj", "{32C42445-F6E2-413C-9513-68B236D1B3D8}"
EndProject
Project("{FAE04EC0-301F-11D3-BF4B-00C04F79EFBC}") = "Revisao.CoreData", "Revisao.CoreData\Revisao.CoreData.csproj", "{62D82295-3C69-4CAF-8C42-D7FF52ED95E0}"
EndProject
Global
	GlobalSection(SolutionConfigurationPlatforms) = preSolution
		Debug|Any CPU = Debug|Any CPU
		Release|Any CPU = Release|Any CPU
	EndGlobalSection
	GlobalSection(ProjectConfigurationPlatforms) = postSolution
		{E8BCC406-F5C4-4BA7-8C62-F9C779A261C1}.Debug|Any CPU.ActiveCfg = Debug|Any CPU
		{E8BCC406-F5C4-4BA7-8C62-F9C779A261C1}.Debug|Any CPU.Build.0 = Debug|Any CPU
		{E8BCC406-F5C4-4BA7-8C62-F9C779A261C1}.Release|Any CPU.ActiveCfg = Release|Any CPU
		{E8BCC406-F5C4-4BA7-8C62-F9C779A261C1}.Release|Any CPU.Build.0 = Release|Any CPU
		{618F9EBE-0403-412F-8D20-150CE6E76E11}.Debug|Any CPU.ActiveCfg = Debug|Any CPU
		{618F9EBE-0403-412F-8D20-150CE6E76E11}.Debug|Any CPU.Build.0 = Debug|Any CPU
		{618F9EBE-0403-412F-8D20-150CE6E76E11}.Release|Any CPU.ActiveCfg = Release|Any CPU
		{618F9EBE-0403-412F-8D20-150CE6E76E11}.Release|Any CPU.Build.0 = Release|Any CPU
		{3AF265FE-91D1-4D45-9D43-40529C537461}.Debug|Any CPU.ActiveCfg = Debug|Any CPU
		{3AF265FE-91D1-4D45-9D43-40529C537461}.Debug|Any CPU.Build.0 = Debug|Any CPU
		{3AF265FE-91D1-4D45-9D43-40529C537461}.Release|Any CPU.ActiveCfg = Release|Any CPU
		{3AF265FE-91D1-4D45-9D43-40529C537461}.Release|Any CPU.Build.0 = Release|Any CPU
		{750DC9F1-770B-4346-A562-DA303E3130F1}.Debug|Any CPU.ActiveCfg = Debug|Any CPU
		{750DC9F1-770B-4346-A562-DA303E3130F1}.Debug|Any CPU.Build.0 = Debug|Any CPU
		{750DC9F1-770B-4346-A562-DA303E3130F1}.Release|Any CPU.ActiveCfg = Release|Any CPU
		{750DC9F1-770B-4346-A562-DA303E3130F1}.Release|Any CPU.Build.0 = Release|Any CPU
		{8E6D97E6-91BB-42FF-9A3F-B42EA996C1C6}.Debug|Any CPU.ActiveCfg = Debug|Any CPU
		{8E6D97E6-91BB-42FF-9A3F-B42EA996C1C6}.Debug|Any CPU.Build.0 = Debug|Any CPU
		{8E6D97E6-91BB-42FF-9A3F-B42EA996C1C6}.Release|Any CPU.ActiveCfg = Release|Any CPU
		{8E6D97E6-91BB-42FF-9A3F-B42EA996C1C6}.Release|Any CPU.Build.0 = Release|Any CPU
		{2F89AEAE-6BA9-45EE-97F8-5390C75DA777}.Debug|Any CPU.ActiveCfg = Debug|Any CPU
		{2F89AEAE-6BA9-45EE-97F8-5390C75DA777}.Debug|Any CPU.Build.0 = Debug|Any CPU
		{2F89AEAE-6BA9-45EE-97F8-5390C75DA777}.Release|Any CPU.ActiveCfg = Release|Any CPU
		{2F89AEAE-6BA9-45EE-97F8-5390C75DA777}.Release|Any CPU.Build.0 = Release|Any CPU
		{112476A3-A138-4919-8445-6F54DDA57962}.Debug|Any CPU.ActiveCfg = Debug|Any CPU
		{112476A3-A138-4919-8445-6F54DDA57962}.Debug|Any CPU.Build.0 = Debug|Any CPU
		{112476A3-A138-4919-8445-6F54DDA57962}.Release|Any CPU.ActiveCfg = Release|Any CPU
		{112476A3-A138-4919-8445-6F54DDA57962}.Release|Any CPU.Build.0 = Release|Any CPU
		{32C42445-F6E2-413C-9513-68B236D1B3D8}.Debug|Any CPU.ActiveCfg = Debug|Any CPU
		{32C42445-F6E2-413C-9513-68B236D1B3D8}.Debug|Any CPU.Build.0 = Debug|Any CPU
		{32C42445-F6E2-413C-9513-68B236D1B3D8}.Release|Any CPU.ActiveCfg = Release|Any CPU
		{32C42445-F6E2-413C-9513-68B236D1B3D8}.Release|Any CPU.Build.0 = Release|Any CPU
		{62D82295-3C69-4CAF-8C42-D7FF52ED95E0}.Debug|Any CPU.ActiveCfg = Debug|Any CPU
		{62D82295-3C69-4CAF-8C42-D7FF52ED95E0}.Debug|Any CPU.Build.0 = Debug|Any CPU
		{62D82295-3C69-4CAF-8C42-D7FF52ED95E0}.Release|Any CPU.ActiveCfg = Release|Any CPU
		{62D82295-3C69-4CAF-8C42-D7FF52ED95E0}.Release|Any CPU.Build.0 = Release|Any CPU
	EndGlobalSection
	GlobalSection(SolutionProperties) = preSolution
		HideSolutionNode = FALSE
	EndGlobalSection
	GlobalSection(NestedProjects) = preSolution
		{112476A3-A138-4919-8445-6F54DDA57962} = {0AE54122-7917-40AA-93B4-F3854E4CC096}
		{32C42445-F6E2-413C-9513-68B236D1B3D8} = {0AE54122-7917-40AA-93B4-F3854E4CC096}
		{62D82295-3C69-4CAF-8C42-D7FF52ED95E0} = {0AE54122-7917-40AA-93B4-F3854E4CC096}
	EndGlobalSection
	GlobalSection(ExtensibilityGlobals) = postSolution
		SolutionGuid = {8042F93D-2E80-49B0-9FCA-C1A54B5833D5}
	EndGlobalSection
EndGlobal
