
Microsoft Visual Studio Solution File, Format Version 12.00
# Visual Studio Version 16
VisualStudioVersion = 16.0.29020.237
MinimumVisualStudioVersion = 10.0.40219.1
Project("{FAE04EC0-301F-11D3-BF4B-00C04F79EFBC}") = "Cs483.ConsoleApp", "Cs483.ConsoleApp\Cs483.ConsoleApp.csproj", "{A417E470-3AB6-4F28-B106-E8BD1CD1BE0D}"
EndProject
Project("{FAE04EC0-301F-11D3-BF4B-00C04F79EFBC}") = "Cs483.Dados", "Cs483.Dados\Cs483.Dados.csproj", "{AB7F8039-5F87-44A8-9BF8-070C04ED4667}"
EndProject
Project("{FAE04EC0-301F-11D3-BF4B-00C04F79EFBC}") = "Cs483.WebApp", "Cs483.WebApp\Cs483.WebApp.csproj", "{171CF1C7-C87A-4405-AD96-BD8195896DE0}"
EndProject
Global
	GlobalSection(SolutionConfigurationPlatforms) = preSolution
		Debug|Any CPU = Debug|Any CPU
		Release|Any CPU = Release|Any CPU
	EndGlobalSection
	GlobalSection(ProjectConfigurationPlatforms) = postSolution
		{A417E470-3AB6-4F28-B106-E8BD1CD1BE0D}.Debug|Any CPU.ActiveCfg = Debug|Any CPU
		{A417E470-3AB6-4F28-B106-E8BD1CD1BE0D}.Debug|Any CPU.Build.0 = Debug|Any CPU
		{A417E470-3AB6-4F28-B106-E8BD1CD1BE0D}.Release|Any CPU.ActiveCfg = Release|Any CPU
		{A417E470-3AB6-4F28-B106-E8BD1CD1BE0D}.Release|Any CPU.Build.0 = Release|Any CPU
		{AB7F8039-5F87-44A8-9BF8-070C04ED4667}.Debug|Any CPU.ActiveCfg = Debug|Any CPU
		{AB7F8039-5F87-44A8-9BF8-070C04ED4667}.Debug|Any CPU.Build.0 = Debug|Any CPU
		{AB7F8039-5F87-44A8-9BF8-070C04ED4667}.Release|Any CPU.ActiveCfg = Release|Any CPU
		{AB7F8039-5F87-44A8-9BF8-070C04ED4667}.Release|Any CPU.Build.0 = Release|Any CPU
		{171CF1C7-C87A-4405-AD96-BD8195896DE0}.Debug|Any CPU.ActiveCfg = Debug|Any CPU
		{171CF1C7-C87A-4405-AD96-BD8195896DE0}.Debug|Any CPU.Build.0 = Debug|Any CPU
		{171CF1C7-C87A-4405-AD96-BD8195896DE0}.Release|Any CPU.ActiveCfg = Release|Any CPU
		{171CF1C7-C87A-4405-AD96-BD8195896DE0}.Release|Any CPU.Build.0 = Release|Any CPU
	EndGlobalSection
	GlobalSection(SolutionProperties) = preSolution
		HideSolutionNode = FALSE
	EndGlobalSection
	GlobalSection(ExtensibilityGlobals) = postSolution
		SolutionGuid = {AD0F3E82-20D6-4902-8368-9320BFF2529B}
	EndGlobalSection
EndGlobal
